
Microsoft Visual Studio Solution File, Format Version 12.00
# Visual Studio Version 17
VisualStudioVersion = 17.6.33815.320
MinimumVisualStudioVersion = 10.0.40219.1
Project("{8BC9CEB8-8B4A-11D0-8D11-00A0C91BC942}") = "ExternalPlayerSpyWithImGui", "ExternalPlayerSpyWithImGui\ExternalPlayerSpyWithImGui.vcxproj", "{67A6ADA1-6049-40B1-B690-75DBAB44DFC4}"
EndProject
Project("{8BC9CEB8-8B4A-11D0-8D11-00A0C91BC942}") = "Loader", "Loader\Loader.vcxproj", "{4B4320C8-3982-4862-ADFB-418BF38F51BB}"
EndProject
Global
	GlobalSection(SolutionConfigurationPlatforms) = preSolution
		Debug|x64 = Debug|x64
		Release|x64 = Release|x64
	EndGlobalSection
	GlobalSection(ProjectConfigurationPlatforms) = postSolution
		{67A6ADA1-6049-40B1-B690-75DBAB44DFC4}.Debug|x64.ActiveCfg = Debug|x64
		{67A6ADA1-6049-40B1-B690-75DBAB44DFC4}.Debug|x64.Build.0 = Debug|x64
		{67A6ADA1-6049-40B1-B690-75DBAB44DFC4}.Release|x64.ActiveCfg = Release|x64
		{67A6ADA1-6049-40B1-B690-75DBAB44DFC4}.Release|x64.Build.0 = Release|x64
		{4B4320C8-3982-4862-ADFB-418BF38F51BB}.Debug|x64.ActiveCfg = Debug|x64
		{4B4320C8-3982-4862-ADFB-418BF38F51BB}.Debug|x64.Build.0 = Debug|x64
		{4B4320C8-3982-4862-ADFB-418BF38F51BB}.Release|x64.ActiveCfg = Release|x64
		{4B4320C8-3982-4862-ADFB-418BF38F51BB}.Release|x64.Build.0 = Release|x64
	EndGlobalSection
	GlobalSection(SolutionProperties) = preSolution
		HideSolutionNode = FALSE
	EndGlobalSection
	GlobalSection(ExtensibilityGlobals) = postSolution
		SolutionGuid = {D3F49DAF-3B0A-433A-8D7B-765A9B1A8C38}
	EndGlobalSection
EndGlobal
